
Microsoft Visual Studio Solution File, Format Version 12.00
# Visual Studio Version 17
VisualStudioVersion = 17.4.33103.184
MinimumVisualStudioVersion = 10.0.40219.1
Project("{FAE04EC0-301F-11D3-BF4B-00C04F79EFBC}") = "STOPWATCH", "STOPWATCH\STOPWATCH.csproj", "{6B1DABBE-8C81-4E9C-832C-0BA1843F1482}"
EndProject
Global
	GlobalSection(SolutionConfigurationPlatforms) = preSolution
		Debug|Any CPU = Debug|Any CPU
		Release|Any CPU = Release|Any CPU
	EndGlobalSection
	GlobalSection(ProjectConfigurationPlatforms) = postSolution
		{6B1DABBE-8C81-4E9C-832C-0BA1843F1482}.Debug|Any CPU.ActiveCfg = Debug|Any CPU
		{6B1DABBE-8C81-4E9C-832C-0BA1843F1482}.Debug|Any CPU.Build.0 = Debug|Any CPU
		{6B1DABBE-8C81-4E9C-832C-0BA1843F1482}.Release|Any CPU.ActiveCfg = Release|Any CPU
		{6B1DABBE-8C81-4E9C-832C-0BA1843F1482}.Release|Any CPU.Build.0 = Release|Any CPU
	EndGlobalSection
	GlobalSection(SolutionProperties) = preSolution
		HideSolutionNode = FALSE
	EndGlobalSection
	GlobalSection(ExtensibilityGlobals) = postSolution
		SolutionGuid = {2BFC0817-0F75-49DC-8EC0-D1B727FDADF8}
	EndGlobalSection
EndGlobal
